
Microsoft Visual Studio Solution File, Format Version 12.00
# Visual Studio Version 16
VisualStudioVersion = 16.0.31605.320
MinimumVisualStudioVersion = 10.0.40219.1
Project("{FAE04EC0-301F-11D3-BF4B-00C04F79EFBC}") = "GenreManagement", "GenreManagement\GenreManagement.csproj", "{EAC2600A-49F1-40CF-B3E1-8AC576A150AA}"
EndProject
Global
	GlobalSection(SolutionConfigurationPlatforms) = preSolution
		Debug|Any CPU = Debug|Any CPU
		Release|Any CPU = Release|Any CPU
	EndGlobalSection
	GlobalSection(ProjectConfigurationPlatforms) = postSolution
		{EAC2600A-49F1-40CF-B3E1-8AC576A150AA}.Debug|Any CPU.ActiveCfg = Debug|Any CPU
		{EAC2600A-49F1-40CF-B3E1-8AC576A150AA}.Debug|Any CPU.Build.0 = Debug|Any CPU
		{EAC2600A-49F1-40CF-B3E1-8AC576A150AA}.Release|Any CPU.ActiveCfg = Release|Any CPU
		{EAC2600A-49F1-40CF-B3E1-8AC576A150AA}.Release|Any CPU.Build.0 = Release|Any CPU
	EndGlobalSection
	GlobalSection(SolutionProperties) = preSolution
		HideSolutionNode = FALSE
	EndGlobalSection
	GlobalSection(ExtensibilityGlobals) = postSolution
		SolutionGuid = {81679F86-418D-46A1-B843-91590D96191E}
	EndGlobalSection
EndGlobal
